
Microsoft Visual Studio Solution File, Format Version 12.00
# Visual Studio Version 17
VisualStudioVersion = 17.8.34525.116
MinimumVisualStudioVersion = 10.0.40219.1
Project("{9A19103F-16F7-4668-BE54-9A1E7A4F7556}") = "PST", "PST.csproj", "{2F6CB3CE-B3BA-4C19-8402-9EBD544B0203}"
EndProject
Global
	GlobalSection(SolutionConfigurationPlatforms) = preSolution
		Debug|Any CPU = Debug|Any CPU
		Release|Any CPU = Release|Any CPU
	EndGlobalSection
	GlobalSection(ProjectConfigurationPlatforms) = postSolution
		{2F6CB3CE-B3BA-4C19-8402-9EBD544B0203}.Debug|Any CPU.ActiveCfg = Debug|Any CPU
		{2F6CB3CE-B3BA-4C19-8402-9EBD544B0203}.Debug|Any CPU.Build.0 = Debug|Any CPU
		{2F6CB3CE-B3BA-4C19-8402-9EBD544B0203}.Release|Any CPU.ActiveCfg = Release|Any CPU
		{2F6CB3CE-B3BA-4C19-8402-9EBD544B0203}.Release|Any CPU.Build.0 = Release|Any CPU
	EndGlobalSection
	GlobalSection(SolutionProperties) = preSolution
		HideSolutionNode = FALSE
	EndGlobalSection
	GlobalSection(ExtensibilityGlobals) = postSolution
		SolutionGuid = {0B570E8B-14D4-4EB9-93ED-B8111CB7D495}
	EndGlobalSection
EndGlobal
